
Microsoft Visual Studio Solution File, Format Version 12.00
# Visual Studio Version 16
VisualStudioVersion = 16.0.31702.278
MinimumVisualStudioVersion = 10.0.40219.1
Project("{9A19103F-16F7-4668-BE54-9A1E7A4F7556}") = "ScanGoogleDrive", "ScanGoogleDrive\ScanGoogleDrive.csproj", "{BC67962B-7EE6-4738-88D5-72F332127BC3}"
EndProject
Project("{9A19103F-16F7-4668-BE54-9A1E7A4F7556}") = "Models", "Models\Models.csproj", "{FEC77F3A-C993-43D2-A7EB-81711FA0CD25}"
EndProject
Project("{9A19103F-16F7-4668-BE54-9A1E7A4F7556}") = "BLL", "BLL\BLL.csproj", "{C1E1C8BD-8216-4F4D-890B-4624F33E11DE}"
EndProject
Project("{FAE04EC0-301F-11D3-BF4B-00C04F79EFBC}") = "DTOs", "DTOs\DTOs.csproj", "{DEBA9058-CB89-4CC5-8651-5C83035310E2}"
EndProject
Project("{FAE04EC0-301F-11D3-BF4B-00C04F79EFBC}") = "Common", "Common\Common.csproj", "{F10E461A-50BA-4DB2-8899-77B887066C5F}"
EndProject
Global
	GlobalSection(SolutionConfigurationPlatforms) = preSolution
		Debug|Any CPU = Debug|Any CPU
		Release|Any CPU = Release|Any CPU
	EndGlobalSection
	GlobalSection(ProjectConfigurationPlatforms) = postSolution
		{BC67962B-7EE6-4738-88D5-72F332127BC3}.Debug|Any CPU.ActiveCfg = Debug|Any CPU
		{BC67962B-7EE6-4738-88D5-72F332127BC3}.Debug|Any CPU.Build.0 = Debug|Any CPU
		{BC67962B-7EE6-4738-88D5-72F332127BC3}.Release|Any CPU.ActiveCfg = Release|Any CPU
		{BC67962B-7EE6-4738-88D5-72F332127BC3}.Release|Any CPU.Build.0 = Release|Any CPU
		{FEC77F3A-C993-43D2-A7EB-81711FA0CD25}.Debug|Any CPU.ActiveCfg = Debug|Any CPU
		{FEC77F3A-C993-43D2-A7EB-81711FA0CD25}.Debug|Any CPU.Build.0 = Debug|Any CPU
		{FEC77F3A-C993-43D2-A7EB-81711FA0CD25}.Release|Any CPU.ActiveCfg = Release|Any CPU
		{FEC77F3A-C993-43D2-A7EB-81711FA0CD25}.Release|Any CPU.Build.0 = Release|Any CPU
		{C1E1C8BD-8216-4F4D-890B-4624F33E11DE}.Debug|Any CPU.ActiveCfg = Debug|Any CPU
		{C1E1C8BD-8216-4F4D-890B-4624F33E11DE}.Debug|Any CPU.Build.0 = Debug|Any CPU
		{C1E1C8BD-8216-4F4D-890B-4624F33E11DE}.Release|Any CPU.ActiveCfg = Release|Any CPU
		{C1E1C8BD-8216-4F4D-890B-4624F33E11DE}.Release|Any CPU.Build.0 = Release|Any CPU
		{DEBA9058-CB89-4CC5-8651-5C83035310E2}.Debug|Any CPU.ActiveCfg = Debug|Any CPU
		{DEBA9058-CB89-4CC5-8651-5C83035310E2}.Debug|Any CPU.Build.0 = Debug|Any CPU
		{DEBA9058-CB89-4CC5-8651-5C83035310E2}.Release|Any CPU.ActiveCfg = Release|Any CPU
		{DEBA9058-CB89-4CC5-8651-5C83035310E2}.Release|Any CPU.Build.0 = Release|Any CPU
		{F10E461A-50BA-4DB2-8899-77B887066C5F}.Debug|Any CPU.ActiveCfg = Debug|Any CPU
		{F10E461A-50BA-4DB2-8899-77B887066C5F}.Debug|Any CPU.Build.0 = Debug|Any CPU
		{F10E461A-50BA-4DB2-8899-77B887066C5F}.Release|Any CPU.ActiveCfg = Release|Any CPU
		{F10E461A-50BA-4DB2-8899-77B887066C5F}.Release|Any CPU.Build.0 = Release|Any CPU
	EndGlobalSection
	GlobalSection(SolutionProperties) = preSolution
		HideSolutionNode = FALSE
	EndGlobalSection
	GlobalSection(ExtensibilityGlobals) = postSolution
		SolutionGuid = {A5BC9548-BF6E-43D0-BF5D-525200FC0A7E}
	EndGlobalSection
EndGlobal
